hash: 43ed165bb295f5829eed44a4376e024f3837b0a6438b48fd81ddd72f09830804
updated: 2018-01-04T14:13:18.26866+02:00
imports:
- name: github.com/asaskevich/govalidator
  version: 7b3beb6df3c42abd3509abfc3bcacc0fbfb7c877
- name: github.com/dgrijalva/jwt-go
  version: dbeaa9332f19a944acb5736b4456cfcc02140e29
- name: github.com/go-playground/universal-translator
  version: 71201497bace774495daed26a3874fd339e0b538
- name: github.com/go-redis/redis
  version: 2fb3f0e45fb2c55d79dd7e4b06b5281ae437debb
  subpackages:
  - internal
  - internal/consistenthash
  - internal/hashtag
  - internal/pool
  - internal/proto
- name: github.com/jinzhu/gorm
  version: 9acaa33324bbcc78239a1c913d4f1292c12177b9
  subpackages:
  - dialects/postgres
- name: github.com/jinzhu/inflection
  version: 1c35d901db3da928c72a72d8458480cc9ade058f
- name: github.com/lib/pq
  version: 67c3f2a8884c9b1aac5503c8d42ae4f73a93511c
  subpackages:
  - hstore
  - oid
- name: github.com/roistat/go-clickhouse
  version: 4aa251a2687db640c6d6bda5b8f4844cf6414362
- name: github.com/Sirupsen/logrus
  version: 881bee4e20a5d11a6a88a5667c6f292072ac1963
  subpackages:
  - hooks/syslog
- name: goji.io
  version: 0d89ff54b2c18c9c4ba530e32496aef902d3c6cd
  subpackages:
  - internal
  - pat
  - pattern
- name: golang.org/x/crypto
  version: 95cb608f365d51e0e69abc646ec90c0e26fb427f
  subpackages:
  - bcrypt
  - blowfish
- name: golang.org/x/sys
  version: 478fcf54317e52ab69f40bb4c7a1520288d7f7ea
  subpackages:
  - unix
- name: gopkg.in/go-playground/validator.v9
  version: 6d8c18553ea1ac493d049edd6f102f52e618f085
testImports: []
